
Microsoft Visual Studio Solution File, Format Version 12.00
# Visual Studio Version 16
VisualStudioVersion = 16.0.32602.291
MinimumVisualStudioVersion = 10.0.40219.1
Project("{9A19103F-16F7-4668-BE54-9A1E7A4F7556}") = "KuCoinAPI", "KuCoinAPI\KuCoinAPI.csproj", "{B6E90438-D3CA-4536-9E28-982048F50FB7}"
EndProject
Project("{FAE04EC0-301F-11D3-BF4B-00C04F79EFBC}") = "Program4Test", "Program4Test\Program4Test.csproj", "{97DE7649-DC3C-442D-9FD1-FFC0CE6F1D1A}"
EndProject
Global
	GlobalSection(SolutionConfigurationPlatforms) = preSolution
		Debug|Any CPU = Debug|Any CPU
		Release|Any CPU = Release|Any CPU
	EndGlobalSection
	GlobalSection(ProjectConfigurationPlatforms) = postSolution
		{B6E90438-D3CA-4536-9E28-982048F50FB7}.Debug|Any CPU.ActiveCfg = Debug|Any CPU
		{B6E90438-D3CA-4536-9E28-982048F50FB7}.Debug|Any CPU.Build.0 = Debug|Any CPU
		{B6E90438-D3CA-4536-9E28-982048F50FB7}.Release|Any CPU.ActiveCfg = Release|Any CPU
		{B6E90438-D3CA-4536-9E28-982048F50FB7}.Release|Any CPU.Build.0 = Release|Any CPU
		{97DE7649-DC3C-442D-9FD1-FFC0CE6F1D1A}.Debug|Any CPU.ActiveCfg = Debug|Any CPU
		{97DE7649-DC3C-442D-9FD1-FFC0CE6F1D1A}.Debug|Any CPU.Build.0 = Debug|Any CPU
		{97DE7649-DC3C-442D-9FD1-FFC0CE6F1D1A}.Release|Any CPU.ActiveCfg = Release|Any CPU
		{97DE7649-DC3C-442D-9FD1-FFC0CE6F1D1A}.Release|Any CPU.Build.0 = Release|Any CPU
	EndGlobalSection
	GlobalSection(SolutionProperties) = preSolution
		HideSolutionNode = FALSE
	EndGlobalSection
	GlobalSection(ExtensibilityGlobals) = postSolution
		SolutionGuid = {EAFE8680-0EAF-49BC-B564-538B418D88B3}
	EndGlobalSection
EndGlobal
